// !$*UTF8*$!
{
	archiveVersion = 1;
	classes = {
	};
	objectVersion = 51;
	objects = {

/* Begin PBXBuildFile section */
		6D254AB7F1342185AD3E0985 /* Pods_Share_It_FastTests.framework in Frameworks */ = {isa = PBXBuildFile; fileRef = 9AD393451A8F41A618028C69 /* Pods_Share_It_FastTests.framework */; };
		88795E7561A00ABAB3F1F4A2 /* Pods_Share_It_Fast.framework in Frameworks */ = {isa = PBXBuildFile; fileRef = D9C1617155041FDC9CDC1000 /* Pods_Share_It_Fast.framework */; };
		A65471F2B853A95A68E429A3 /* Pods_Share_It_Fast_Share_It_FastUITests.framework in Frameworks */ = {isa = PBXBuildFile; fileRef = 4BD6DF62568F6E162D09EF7D /* Pods_Share_It_Fast_Share_It_FastUITests.framework */; };
		F107B5CE238BDF94003822F4 /* ImagePicker.swift in Sources */ = {isa = PBXBuildFile; fileRef = F107B5CD238BDF94003822F4 /* ImagePicker.swift */; };
		F107B5D0238BF3EE003822F4 /* DictionaryExtension.swift in Sources */ = {isa = PBXBuildFile; fileRef = F107B5CF238BF3EE003822F4 /* DictionaryExtension.swift */; };
		F1418E71236B18250054D0C2 /* AppDelegate.swift in Sources */ = {isa = PBXBuildFile; fileRef = F1418E70236B18250054D0C2 /* AppDelegate.swift */; };
		F1418E73236B18250054D0C2 /* SceneDelegate.swift in Sources */ = {isa = PBXBuildFile; fileRef = F1418E72236B18250054D0C2 /* SceneDelegate.swift */; };
		F1418E75236B18250054D0C2 /* MainViewController.swift in Sources */ = {isa = PBXBuildFile; fileRef = F1418E74236B18250054D0C2 /* MainViewController.swift */; };
		F1418E78236B18250054D0C2 /* Main.storyboard in Resources */ = {isa = PBXBuildFile; fileRef = F1418E76236B18250054D0C2 /* Main.storyboard */; };
		F1418E7A236B18270054D0C2 /* Assets.xcassets in Resources */ = {isa = PBXBuildFile; fileRef = F1418E79236B18270054D0C2 /* Assets.xcassets */; };
		F1418E7D236B18270054D0C2 /* LaunchScreen.storyboard in Resources */ = {isa = PBXBuildFile; fileRef = F1418E7B236B18270054D0C2 /* LaunchScreen.storyboard */; };
		F1418E88236B18270054D0C2 /* Share_It_FastTests.swift in Sources */ = {isa = PBXBuildFile; fileRef = F1418E87236B18270054D0C2 /* Share_It_FastTests.swift */; };
		F1418E93236B18270054D0C2 /* Share_It_FastUITests.swift in Sources */ = {isa = PBXBuildFile; fileRef = F1418E92236B18270054D0C2 /* Share_It_FastUITests.swift */; };
		F1418EA1236B1C210054D0C2 /* ListViewController.swift in Sources */ = {isa = PBXBuildFile; fileRef = F1418EA0236B1C210054D0C2 /* ListViewController.swift */; };
		F1418EA3236B1C4D0054D0C2 /* SettingsViewController.swift in Sources */ = {isa = PBXBuildFile; fileRef = F1418EA2236B1C4D0054D0C2 /* SettingsViewController.swift */; };
		F1418EA5236B1C8D0054D0C2 /* CameraViewController.swift in Sources */ = {isa = PBXBuildFile; fileRef = F1418EA4236B1C8D0054D0C2 /* CameraViewController.swift */; };
		F1418EA7236B23860054D0C2 /* UIViewExtension.swift in Sources */ = {isa = PBXBuildFile; fileRef = F1418EA6236B23860054D0C2 /* UIViewExtension.swift */; };
		F1418EA9236B2D290054D0C2 /* TextField.swift in Sources */ = {isa = PBXBuildFile; fileRef = F1418EA8236B2D290054D0C2 /* TextField.swift */; };
/* End PBXBuildFile section */

/* Begin PBXContainerItemProxy section */
		F1418E84236B18270054D0C2 /* PBXContainerItemProxy */ = {
			isa = PBXContainerItemProxy;
			containerPortal = F1418E65236B18250054D0C2 /* Project object */;
			proxyType = 1;
			remoteGlobalIDString = F1418E6C236B18250054D0C2;
			remoteInfo = "Share It Fast";
		};
		F1418E8F236B18270054D0C2 /* PBXContainerItemProxy */ = {
			isa = PBXContainerItemProxy;
			containerPortal = F1418E65236B18250054D0C2 /* Project object */;
			proxyType = 1;
			remoteGlobalIDString = F1418E6C236B18250054D0C2;
			remoteInfo = "Share It Fast";
		};
/* End PBXContainerItemProxy section */

/* Begin PBXFileReference section */
		122B1DF86F6E0FFC7B20E334 /* Pods-Share It Fast.release.xcconfig */ = {isa = PBXFileReference; includeInIndex = 1; lastKnownFileType = text.xcconfig; name = "Pods-Share It Fast.release.xcconfig"; path = "Target Support Files/Pods-Share It Fast/Pods-Share It Fast.release.xcconfig"; sourceTree = "<group>"; };
		278839D108EB47F9F709029A /* Pods-Share It Fast.debug.xcconfig */ = {isa = PBXFileReference; includeInIndex = 1; lastKnownFileType = text.xcconfig; name = "Pods-Share It Fast.debug.xcconfig"; path = "Target Support Files/Pods-Share It Fast/Pods-Share It Fast.debug.xcconfig"; sourceTree = "<group>"; };
		2E1EE0FCC671047939890D83 /* Pods-Share It FastTests.debug.xcconfig */ = {isa = PBXFileReference; includeInIndex = 1; lastKnownFileType = text.xcconfig; name = "Pods-Share It FastTests.debug.xcconfig"; path = "Target Support Files/Pods-Share It FastTests/Pods-Share It FastTests.debug.xcconfig"; sourceTree = "<group>"; };
		4BD6DF62568F6E162D09EF7D /* Pods_Share_It_Fast_Share_It_FastUITests.framework */ = {isa = PBXFileReference; explicitFileType = wrapper.framework; includeInIndex = 0; path = Pods_Share_It_Fast_Share_It_FastUITests.framework; sourceTree = BUILT_PRODUCTS_DIR; };
		4F4491E7ABF445CC340B1F9C /* Pods-Share It FastTests.release.xcconfig */ = {isa = PBXFileReference; includeInIndex = 1; lastKnownFileType = text.xcconfig; name = "Pods-Share It FastTests.release.xcconfig"; path = "Target Support Files/Pods-Share It FastTests/Pods-Share It FastTests.release.xcconfig"; sourceTree = "<group>"; };
		9AD393451A8F41A618028C69 /* Pods_Share_It_FastTests.framework */ = {isa = PBXFileReference; explicitFileType = wrapper.framework; includeInIndex = 0; path = Pods_Share_It_FastTests.framework; sourceTree = BUILT_PRODUCTS_DIR; };
		D9C1617155041FDC9CDC1000 /* Pods_Share_It_Fast.framework */ = {isa = PBXFileReference; explicitFileType = wrapper.framework; includeInIndex = 0; path = Pods_Share_It_Fast.framework; sourceTree = BUILT_PRODUCTS_DIR; };
		DE9B0F77BDC564E89BBF167E /* Pods-Share It Fast-Share It FastUITests.debug.xcconfig */ = {isa = PBXFileReference; includeInIndex = 1; lastKnownFileType = text.xcconfig; name = "Pods-Share It Fast-Share It FastUITests.debug.xcconfig"; path = "Target Support Files/Pods-Share It Fast-Share It FastUITests/Pods-Share It Fast-Share It FastUITests.debug.xcconfig"; sourceTree = "<group>"; };
		E287E45DCC95F14F333CF33F /* Pods-Share It Fast-Share It FastUITests.release.xcconfig */ = {isa = PBXFileReference; includeInIndex = 1; lastKnownFileType = text.xcconfig; name = "Pods-Share It Fast-Share It FastUITests.release.xcconfig"; path = "Target Support Files/Pods-Share It Fast-Share It FastUITests/Pods-Share It Fast-Share It FastUITests.release.xcconfig"; sourceTree = "<group>"; };
		F107B5CD238BDF94003822F4 /* ImagePicker.swift */ = {isa = PBXFileReference; lastKnownFileType = sourcecode.swift; path = ImagePicker.swift; sourceTree = "<group>"; };
		F107B5CF238BF3EE003822F4 /* DictionaryExtension.swift */ = {isa = PBXFileReference; lastKnownFileType = sourcecode.swift; path = DictionaryExtension.swift; sourceTree = "<group>"; };
		F1418E6D236B18250054D0C2 /* Share It Fast.app */ = {isa = PBXFileReference; explicitFileType = wrapper.application; includeInIndex = 0; path = "Share It Fast.app"; sourceTree = BUILT_PRODUCTS_DIR; };
		F1418E70236B18250054D0C2 /* AppDelegate.swift */ = {isa = PBXFileReference; lastKnownFileType = sourcecode.swift; path = AppDelegate.swift; sourceTree = "<group>"; };
		F1418E72236B18250054D0C2 /* SceneDelegate.swift */ = {isa = PBXFileReference; lastKnownFileType = sourcecode.swift; path = SceneDelegate.swift; sourceTree = "<group>"; };
		F1418E74236B18250054D0C2 /* MainViewController.swift */ = {isa = PBXFileReference; lastKnownFileType = sourcecode.swift; path = MainViewController.swift; sourceTree = "<group>"; };
		F1418E77236B18250054D0C2 /* Base */ = {isa = PBXFileReference; lastKnownFileType = file.storyboard; name = Base; path = Base.lproj/Main.storyboard; sourceTree = "<group>"; };
		F1418E79236B18270054D0C2 /* Assets.xcassets */ = {isa = PBXFileReference; lastKnownFileType = folder.assetcatalog; path = Assets.xcassets; sourceTree = "<group>"; };
		F1418E7C236B18270054D0C2 /* Base */ = {isa = PBXFileReference; lastKnownFileType = file.storyboard; name = Base; path = Base.lproj/LaunchScreen.storyboard; sourceTree = "<group>"; };
		F1418E7E236B18270054D0C2 /* Info.plist */ = {isa = PBXFileReference; lastKnownFileType = text.plist.xml; path = Info.plist; sourceTree = "<group>"; };
		F1418E83236B18270054D0C2 /* Share It FastTests.xctest */ = {isa = PBXFileReference; explicitFileType = wrapper.cfbundle; includeInIndex = 0; path = "Share It FastTests.xctest"; sourceTree = BUILT_PRODUCTS_DIR; };
		F1418E87236B18270054D0C2 /* Share_It_FastTests.swift */ = {isa = PBXFileReference; lastKnownFileType = sourcecode.swift; path = Share_It_FastTests.swift; sourceTree = "<group>"; };
		F1418E89236B18270054D0C2 /* Info.plist */ = {isa = PBXFileReference; lastKnownFileType = text.plist.xml; path = Info.plist; sourceTree = "<group>"; };
		F1418E8E236B18270054D0C2 /* Share It FastUITests.xctest */ = {isa = PBXFileReference; explicitFileType = wrapper.cfbundle; includeInIndex = 0; path = "Share It FastUITests.xctest"; sourceTree = BUILT_PRODUCTS_DIR; };
		F1418E92236B18270054D0C2 /* Share_It_FastUITests.swift */ = {isa = PBXFileReference; lastKnownFileType = sourcecode.swift; path = Share_It_FastUITests.swift; sourceTree = "<group>"; };
		F1418E94236B18270054D0C2 /* Info.plist */ = {isa = PBXFileReference; lastKnownFileType = text.plist.xml; path = Info.plist; sourceTree = "<group>"; };
		F1418EA0236B1C210054D0C2 /* ListViewController.swift */ = {isa = PBXFileReference; lastKnownFileType = sourcecode.swift; path = ListViewController.swift; sourceTree = "<group>"; };
		F1418EA2236B1C4D0054D0C2 /* SettingsViewController.swift */ = {isa = PBXFileReference; lastKnownFileType = sourcecode.swift; path = SettingsViewController.swift; sourceTree = "<group>"; };
		F1418EA4236B1C8D0054D0C2 /* CameraViewController.swift */ = {isa = PBXFileReference; lastKnownFileType = sourcecode.swift; path = CameraViewController.swift; sourceTree = "<group>"; };
		F1418EA6236B23860054D0C2 /* UIViewExtension.swift */ = {isa = PBXFileReference; lastKnownFileType = sourcecode.swift; path = UIViewExtension.swift; sourceTree = "<group>"; };
		F1418EA8236B2D290054D0C2 /* TextField.swift */ = {isa = PBXFileReference; lastKnownFileType = sourcecode.swift; path = TextField.swift; sourceTree = "<group>"; };
/* End PBXFileReference section */

/* Begin PBXFrameworksBuildPhase section */
		F1418E6A236B18250054D0C2 /* Frameworks */ = {
			isa = PBXFrameworksBuildPhase;
			buildActionMask = 2147483647;
			files = (
				88795E7561A00ABAB3F1F4A2 /* Pods_Share_It_Fast.framework in Frameworks */,
			);
			runOnlyForDeploymentPostprocessing = 0;
		};
		F1418E80236B18270054D0C2 /* Frameworks */ = {
			isa = PBXFrameworksBuildPhase;
			buildActionMask = 2147483647;
			files = (
				6D254AB7F1342185AD3E0985 /* Pods_Share_It_FastTests.framework in Frameworks */,
			);
			runOnlyForDeploymentPostprocessing = 0;
		};
		F1418E8B236B18270054D0C2 /* Frameworks */ = {
			isa = PBXFrameworksBuildPhase;
			buildActionMask = 2147483647;
			files = (
				A65471F2B853A95A68E429A3 /* Pods_Share_It_Fast_Share_It_FastUITests.framework in Frameworks */,
			);
			runOnlyForDeploymentPostprocessing = 0;
		};
/* End PBXFrameworksBuildPhase section */

/* Begin PBXGroup section */
		7179C42738F27A65411F79EB /* Frameworks */ = {
			isa = PBXGroup;
			children = (
				D9C1617155041FDC9CDC1000 /* Pods_Share_It_Fast.framework */,
				4BD6DF62568F6E162D09EF7D /* Pods_Share_It_Fast_Share_It_FastUITests.framework */,
				9AD393451A8F41A618028C69 /* Pods_Share_It_FastTests.framework */,
			);
			name = Frameworks;
			sourceTree = "<group>";
		};
		EBDF3CD68257A52658D7E737 /* Pods */ = {
			isa = PBXGroup;
			children = (
				278839D108EB47F9F709029A /* Pods-Share It Fast.debug.xcconfig */,
				122B1DF86F6E0FFC7B20E334 /* Pods-Share It Fast.release.xcconfig */,
				DE9B0F77BDC564E89BBF167E /* Pods-Share It Fast-Share It FastUITests.debug.xcconfig */,
				E287E45DCC95F14F333CF33F /* Pods-Share It Fast-Share It FastUITests.release.xcconfig */,
				2E1EE0FCC671047939890D83 /* Pods-Share It FastTests.debug.xcconfig */,
				4F4491E7ABF445CC340B1F9C /* Pods-Share It FastTests.release.xcconfig */,
			);
			path = Pods;
			sourceTree = "<group>";
		};
		F1418E64236B18250054D0C2 = {
			isa = PBXGroup;
			children = (
				F1418E6F236B18250054D0C2 /* Share It Fast */,
				F1418E86236B18270054D0C2 /* Share It FastTests */,
				F1418E91236B18270054D0C2 /* Share It FastUITests */,
				F1418E6E236B18250054D0C2 /* Products */,
				7179C42738F27A65411F79EB /* Frameworks */,
				EBDF3CD68257A52658D7E737 /* Pods */,
			);
			sourceTree = "<group>";
		};
		F1418E6E236B18250054D0C2 /* Products */ = {
			isa = PBXGroup;
			children = (
				F1418E6D236B18250054D0C2 /* Share It Fast.app */,
				F1418E83236B18270054D0C2 /* Share It FastTests.xctest */,
				F1418E8E236B18270054D0C2 /* Share It FastUITests.xctest */,
			);
			name = Products;
			sourceTree = "<group>";
		};
		F1418E6F236B18250054D0C2 /* Share It Fast */ = {
			isa = PBXGroup;
			children = (
				F1418EA4236B1C8D0054D0C2 /* CameraViewController.swift */,
				F1418E70236B18250054D0C2 /* AppDelegate.swift */,
				F1418E72236B18250054D0C2 /* SceneDelegate.swift */,
				F1418E74236B18250054D0C2 /* MainViewController.swift */,
				F1418E76236B18250054D0C2 /* Main.storyboard */,
				F1418E79236B18270054D0C2 /* Assets.xcassets */,
				F1418E7B236B18270054D0C2 /* LaunchScreen.storyboard */,
				F1418E7E236B18270054D0C2 /* Info.plist */,
				F1418EA0236B1C210054D0C2 /* ListViewController.swift */,
				F1418EA2236B1C4D0054D0C2 /* SettingsViewController.swift */,
				F1418EA6236B23860054D0C2 /* UIViewExtension.swift */,
				F1418EA8236B2D290054D0C2 /* TextField.swift */,
				F107B5CD238BDF94003822F4 /* ImagePicker.swift */,
				F107B5CF238BF3EE003822F4 /* DictionaryExtension.swift */,
			);
			path = "Share It Fast";
			sourceTree = "<group>";
		};
		F1418E86236B18270054D0C2 /* Share It FastTests */ = {
			isa = PBXGroup;
			children = (
				F1418E87236B18270054D0C2 /* Share_It_FastTests.swift */,
				F1418E89236B18270054D0C2 /* Info.plist */,
			);
			path = "Share It FastTests";
			sourceTree = "<group>";
		};
		F1418E91236B18270054D0C2 /* Share It FastUITests */ = {
			isa = PBXGroup;
			children = (
				F1418E92236B18270054D0C2 /* Share_It_FastUITests.swift */,
				F1418E94236B18270054D0C2 /* Info.plist */,
			);
			path = "Share It FastUITests";
			sourceTree = "<group>";
		};
/* End PBXGroup section */

/* Begin PBXNativeTarget section */
		F1418E6C236B18250054D0C2 /* Share It Fast */ = {
			isa = PBXNativeTarget;
			buildConfigurationList = F1418E97236B18270054D0C2 /* Build configuration list for PBXNativeTarget "Share It Fast" */;
			buildPhases = (
				B4F8A3161808A698A64802B9 /* [CP] Check Pods Manifest.lock */,
				F1418E69236B18250054D0C2 /* Sources */,
				F1418E6A236B18250054D0C2 /* Frameworks */,
				F1418E6B236B18250054D0C2 /* Resources */,
				B2D31782CCEBEB118E31F46C /* [CP] Embed Pods Frameworks */,
			);
			buildRules = (
			);
			dependencies = (
			);
			name = "Share It Fast";
			productName = "Share It Fast";
			productReference = F1418E6D236B18250054D0C2 /* Share It Fast.app */;
			productType = "com.apple.product-type.application";
		};
		F1418E82236B18270054D0C2 /* Share It FastTests */ = {
			isa = PBXNativeTarget;
			buildConfigurationList = F1418E9A236B18270054D0C2 /* Build configuration list for PBXNativeTarget "Share It FastTests" */;
			buildPhases = (
				7A24AADE0637E5851080AF50 /* [CP] Check Pods Manifest.lock */,
				F1418E7F236B18270054D0C2 /* Sources */,
				F1418E80236B18270054D0C2 /* Frameworks */,
				F1418E81236B18270054D0C2 /* Resources */,
			);
			buildRules = (
			);
			dependencies = (
				F1418E85236B18270054D0C2 /* PBXTargetDependency */,
			);
			name = "Share It FastTests";
			productName = "Share It FastTests";
			productReference = F1418E83236B18270054D0C2 /* Share It FastTests.xctest */;
			productType = "com.apple.product-type.bundle.unit-test";
		};
		F1418E8D236B18270054D0C2 /* Share It FastUITests */ = {
			isa = PBXNativeTarget;
			buildConfigurationList = F1418E9D236B18270054D0C2 /* Build configuration list for PBXNativeTarget "Share It FastUITests" */;
			buildPhases = (
				4E4868ED8E42BFEE7B0E6AEF /* [CP] Check Pods Manifest.lock */,
				F1418E8A236B18270054D0C2 /* Sources */,
				F1418E8B236B18270054D0C2 /* Frameworks */,
				F1418E8C236B18270054D0C2 /* Resources */,
				678CC028B9F8930B9C53346E /* [CP] Embed Pods Frameworks */,
			);
			buildRules = (
			);
			dependencies = (
				F1418E90236B18270054D0C2 /* PBXTargetDependency */,
			);
			name = "Share It FastUITests";
			productName = "Share It FastUITests";
			productReference = F1418E8E236B18270054D0C2 /* Share It FastUITests.xctest */;
			productType = "com.apple.product-type.bundle.ui-testing";
		};
/* End PBXNativeTarget section */

/* Begin PBXProject section */
		F1418E65236B18250054D0C2 /* Project object */ = {
			isa = PBXProject;
			attributes = {
				LastSwiftUpdateCheck = 1110;
				LastUpgradeCheck = 1110;
				ORGANIZATIONNAME = "Neil Richter";
				TargetAttributes = {
					F1418E6C236B18250054D0C2 = {
						CreatedOnToolsVersion = 11.1;
					};
					F1418E82236B18270054D0C2 = {
						CreatedOnToolsVersion = 11.1;
						TestTargetID = F1418E6C236B18250054D0C2;
					};
					F1418E8D236B18270054D0C2 = {
						CreatedOnToolsVersion = 11.1;
						TestTargetID = F1418E6C236B18250054D0C2;
					};
				};
			};
			buildConfigurationList = F1418E68236B18250054D0C2 /* Build configuration list for PBXProject "Share It Fast" */;
			compatibilityVersion = "Xcode 9.3";
			developmentRegion = en;
			hasScannedForEncodings = 0;
			knownRegions = (
				en,
				Base,
			);
			mainGroup = F1418E64236B18250054D0C2;
			productRefGroup = F1418E6E236B18250054D0C2 /* Products */;
			projectDirPath = "";
			projectRoot = "";
			targets = (
				F1418E6C236B18250054D0C2 /* Share It Fast */,
				F1418E82236B18270054D0C2 /* Share It FastTests */,
				F1418E8D236B18270054D0C2 /* Share It FastUITests */,
			);
		};
/* End PBXProject section */

/* Begin PBXResourcesBuildPhase section */
		F1418E6B236B18250054D0C2 /* Resources */ = {
			isa = PBXResourcesBuildPhase;
			buildActionMask = 2147483647;
			files = (
				F1418E7D236B18270054D0C2 /* LaunchScreen.storyboard in Resources */,
				F1418E7A236B18270054D0C2 /* Assets.xcassets in Resources */,
				F1418E78236B18250054D0C2 /* Main.storyboard in Resources */,
			);
			runOnlyForDeploymentPostprocessing = 0;
		};
		F1418E81236B18270054D0C2 /* Resources */ = {
			isa = PBXResourcesBuildPhase;
			buildActionMask = 2147483647;
			files = (
			);
			runOnlyForDeploymentPostprocessing = 0;
		};
		F1418E8C236B18270054D0C2 /* Resources */ = {
			isa = PBXResourcesBuildPhase;
			buildActionMask = 2147483647;
			files = (
			);
			runOnlyForDeploymentPostprocessing = 0;
		};
/* End PBXResourcesBuildPhase section */

/* Begin PBXShellScriptBuildPhase section */
		4E4868ED8E42BFEE7B0E6AEF /* [CP] Check Pods Manifest.lock */ = {
			isa = PBXShellScriptBuildPhase;
			buildActionMask = 2147483647;
			files = (
			);
			inputFileListPaths = (
			);
			inputPaths = (
				"${PODS_PODFILE_DIR_PATH}/Podfile.lock",
				"${PODS_ROOT}/Manifest.lock",
			);
			name = "[CP] Check Pods Manifest.lock";
			outputFileListPaths = (
			);
			outputPaths = (
				"$(DERIVED_FILE_DIR)/Pods-Share It Fast-Share It FastUITests-checkManifestLockResult.txt",
			);
			runOnlyForDeploymentPostprocessing = 0;
			shellPath = /bin/sh;
			shellScript = "diff \"${PODS_PODFILE_DIR_PATH}/Podfile.lock\" \"${PODS_ROOT}/Manifest.lock\" > /dev/null\nif [ $? != 0 ] ; then\n    # print error to STDERR\n    echo \"error: The sandbox is not in sync with the Podfile.lock. Run 'pod install' or update your CocoaPods installation.\" >&2\n    exit 1\nfi\n# This output is used by Xcode 'outputs' to avoid re-running this script phase.\necho \"SUCCESS\" > \"${SCRIPT_OUTPUT_FILE_0}\"\n";
			showEnvVarsInLog = 0;
		};
		678CC028B9F8930B9C53346E /* [CP] Embed Pods Frameworks */ = {
			isa = PBXShellScriptBuildPhase;
			buildActionMask = 2147483647;
			files = (
			);
			inputFileListPaths = (
				"${PODS_ROOT}/Target Support Files/Pods-Share It Fast-Share It FastUITests/Pods-Share It Fast-Share It FastUITests-frameworks-${CONFIGURATION}-input-files.xcfilelist",
			);
			name = "[CP] Embed Pods Frameworks";
			outputFileListPaths = (
				"${PODS_ROOT}/Target Support Files/Pods-Share It Fast-Share It FastUITests/Pods-Share It Fast-Share It FastUITests-frameworks-${CONFIGURATION}-output-files.xcfilelist",
			);
			runOnlyForDeploymentPostprocessing = 0;
			shellPath = /bin/sh;
			shellScript = "\"${PODS_ROOT}/Target Support Files/Pods-Share It Fast-Share It FastUITests/Pods-Share It Fast-Share It FastUITests-frameworks.sh\"\n";
			showEnvVarsInLog = 0;
		};
		7A24AADE0637E5851080AF50 /* [CP] Check Pods Manifest.lock */ = {
			isa = PBXShellScriptBuildPhase;
			buildActionMask = 2147483647;
			files = (
			);
			inputFileListPaths = (
			);
			inputPaths = (
				"${PODS_PODFILE_DIR_PATH}/Podfile.lock",
				"${PODS_ROOT}/Manifest.lock",
			);
			name = "[CP] Check Pods Manifest.lock";
			outputFileListPaths = (
			);
			outputPaths = (
				"$(DERIVED_FILE_DIR)/Pods-Share It FastTests-checkManifestLockResult.txt",
			);
			runOnlyForDeploymentPostprocessing = 0;
			shellPath = /bin/sh;
			shellScript = "diff \"${PODS_PODFILE_DIR_PATH}/Podfile.lock\" \"${PODS_ROOT}/Manifest.lock\" > /dev/null\nif [ $? != 0 ] ; then\n    # print error to STDERR\n    echo \"error: The sandbox is not in sync with the Podfile.lock. Run 'pod install' or update your CocoaPods installation.\" >&2\n    exit 1\nfi\n# This output is used by Xcode 'outputs' to avoid re-running this script phase.\necho \"SUCCESS\" > \"${SCRIPT_OUTPUT_FILE_0}\"\n";
			showEnvVarsInLog = 0;
		};
		B2D31782CCEBEB118E31F46C /* [CP] Embed Pods Frameworks */ = {
			isa = PBXShellScriptBuildPhase;
			buildActionMask = 2147483647;
			files = (
			);
			inputFileListPaths = (
				"${PODS_ROOT}/Target Support Files/Pods-Share It Fast/Pods-Share It Fast-frameworks-${CONFIGURATION}-input-files.xcfilelist",
			);
			name = "[CP] Embed Pods Frameworks";
			outputFileListPaths = (
				"${PODS_ROOT}/Target Support Files/Pods-Share It Fast/Pods-Share It Fast-frameworks-${CONFIGURATION}-output-files.xcfilelist",
			);
			runOnlyForDeploymentPostprocessing = 0;
			shellPath = /bin/sh;
			shellScript = "\"${PODS_ROOT}/Target Support Files/Pods-Share It Fast/Pods-Share It Fast-frameworks.sh\"\n";
			showEnvVarsInLog = 0;
		};
		B4F8A3161808A698A64802B9 /* [CP] Check Pods Manifest.lock */ = {
			isa = PBXShellScriptBuildPhase;
			buildActionMask = 2147483647;
			files = (
			);
			inputFileListPaths = (
			);
			inputPaths = (
				"${PODS_PODFILE_DIR_PATH}/Podfile.lock",
				"${PODS_ROOT}/Manifest.lock",
			);
			name = "[CP] Check Pods Manifest.lock";
			outputFileListPaths = (
			);
			outputPaths = (
				"$(DERIVED_FILE_DIR)/Pods-Share It Fast-checkManifestLockResult.txt",
			);
			runOnlyForDeploymentPostprocessing = 0;
			shellPath = /bin/sh;
			shellScript = "diff \"${PODS_PODFILE_DIR_PATH}/Podfile.lock\" \"${PODS_ROOT}/Manifest.lock\" > /dev/null\nif [ $? != 0 ] ; then\n    # print error to STDERR\n    echo \"error: The sandbox is not in sync with the Podfile.lock. Run 'pod install' or update your CocoaPods installation.\" >&2\n    exit 1\nfi\n# This output is used by Xcode 'outputs' to avoid re-running this script phase.\necho \"SUCCESS\" > \"${SCRIPT_OUTPUT_FILE_0}\"\n";
			showEnvVarsInLog = 0;
		};
/* End PBXShellScriptBuildPhase section */

/* Begin PBXSourcesBuildPhase section */
		F1418E69236B18250054D0C2 /* Sources */ = {
			isa = PBXSourcesBuildPhase;
			buildActionMask = 2147483647;
			files = (
				F1418E75236B18250054D0C2 /* MainViewController.swift in Sources */,
				F1418EA9236B2D290054D0C2 /* TextField.swift in Sources */,
				F1418E71236B18250054D0C2 /* AppDelegate.swift in Sources */,
				F107B5CE238BDF94003822F4 /* ImagePicker.swift in Sources */,
				F1418EA1236B1C210054D0C2 /* ListViewController.swift in Sources */,
				F1418EA3236B1C4D0054D0C2 /* SettingsViewController.swift in Sources */,
				F1418EA7236B23860054D0C2 /* UIViewExtension.swift in Sources */,
				F107B5D0238BF3EE003822F4 /* DictionaryExtension.swift in Sources */,
				F1418E73236B18250054D0C2 /* SceneDelegate.swift in Sources */,
				F1418EA5236B1C8D0054D0C2 /* CameraViewController.swift in Sources */,
			);
			runOnlyForDeploymentPostprocessing = 0;
		};
		F1418E7F236B18270054D0C2 /* Sources */ = {
			isa = PBXSourcesBuildPhase;
			buildActionMask = 2147483647;
			files = (
				F1418E88236B18270054D0C2 /* Share_It_FastTests.swift in Sources */,
			);
			runOnlyForDeploymentPostprocessing = 0;
		};
		F1418E8A236B18270054D0C2 /* Sources */ = {
			isa = PBXSourcesBuildPhase;
			buildActionMask = 2147483647;
			files = (
				F1418E93236B18270054D0C2 /* Share_It_FastUITests.swift in Sources */,
			);
			runOnlyForDeploymentPostprocessing = 0;
		};
/* End PBXSourcesBuildPhase section */

/* Begin PBXTargetDependency section */
		F1418E85236B18270054D0C2 /* PBXTargetDependency */ = {
			isa = PBXTargetDependency;
			target = F1418E6C236B18250054D0C2 /* Share It Fast */;
			targetProxy = F1418E84236B18270054D0C2 /* PBXContainerItemProxy */;
		};
		F1418E90236B18270054D0C2 /* PBXTargetDependency */ = {
			isa = PBXTargetDependency;
			target = F1418E6C236B18250054D0C2 /* Share It Fast */;
			targetProxy = F1418E8F236B18270054D0C2 /* PBXContainerItemProxy */;
		};
/* End PBXTargetDependency section */

/* Begin PBXVariantGroup section */
		F1418E76236B18250054D0C2 /* Main.storyboard */ = {
			isa = PBXVariantGroup;
			children = (
				F1418E77236B18250054D0C2 /* Base */,
			);
			name = Main.storyboard;
			sourceTree = "<group>";
		};
		F1418E7B236B18270054D0C2 /* LaunchScreen.storyboard */ = {
			isa = PBXVariantGroup;
			children = (
				F1418E7C236B18270054D0C2 /* Base */,
			);
			name = LaunchScreen.storyboard;
			sourceTree = "<group>";
		};
/* End PBXVariantGroup section */

/* Begin XCBuildConfiguration section */
		F1418E95236B18270054D0C2 /* Debug */ = {
			isa = XCBuildConfiguration;
			buildSettings = {
				ALWAYS_SEARCH_USER_PATHS = NO;
				CLANG_ANALYZER_NONNULL = YES;
				CLANG_ANALYZER_NUMBER_OBJECT_CONVERSION = YES_AGGRESSIVE;
				CLANG_CXX_LANGUAGE_STANDARD = "gnu++14";
				CLANG_CXX_LIBRARY = "libc++";
				CLANG_ENABLE_MODULES = YES;
				CLANG_ENABLE_OBJC_ARC = YES;
				CLANG_ENABLE_OBJC_WEAK = YES;
				CLANG_WARN_BLOCK_CAPTURE_AUTORELEASING = YES;
				CLANG_WARN_BOOL_CONVERSION = YES;
				CLANG_WARN_COMMA = YES;
				CLANG_WARN_CONSTANT_CONVERSION = YES;
				CLANG_WARN_DEPRECATED_OBJC_IMPLEMENTATIONS = YES;
				CLANG_WARN_DIRECT_OBJC_ISA_USAGE = YES_ERROR;
				CLANG_WARN_DOCUMENTATION_COMMENTS = YES;
				CLANG_WARN_EMPTY_BODY = YES;
				CLANG_WARN_ENUM_CONVERSION = YES;
				CLANG_WARN_INFINITE_RECURSION = YES;
				CLANG_WARN_INT_CONVERSION = YES;
				CLANG_WARN_NON_LITERAL_NULL_CONVERSION = YES;
				CLANG_WARN_OBJC_IMPLICIT_RETAIN_SELF = YES;
				CLANG_WARN_OBJC_LITERAL_CONVERSION = YES;
				CLANG_WARN_OBJC_ROOT_CLASS = YES_ERROR;
				CLANG_WARN_RANGE_LOOP_ANALYSIS = YES;
				CLANG_WARN_STRICT_PROTOTYPES = YES;
				CLANG_WARN_SUSPICIOUS_MOVE = YES;
				CLANG_WARN_UNGUARDED_AVAILABILITY = YES_AGGRESSIVE;
				CLANG_WARN_UNREACHABLE_CODE = YES;
				CLANG_WARN__DUPLICATE_METHOD_MATCH = YES;
				COPY_PHASE_STRIP = NO;
				DEBUG_INFORMATION_FORMAT = dwarf;
				ENABLE_STRICT_OBJC_MSGSEND = YES;
				ENABLE_TESTABILITY = YES;
				GCC_C_LANGUAGE_STANDARD = gnu11;
				GCC_DYNAMIC_NO_PIC = NO;
				GCC_NO_COMMON_BLOCKS = YES;
				GCC_OPTIMIZATION_LEVEL = 0;
				GCC_PREPROCESSOR_DEFINITIONS = (
					"DEBUG=1",
					"$(inherited)",
				);
				GCC_WARN_64_TO_32_BIT_CONVERSION = YES;
				GCC_WARN_ABOUT_RETURN_TYPE = YES_ERROR;
				GCC_WARN_UNDECLARED_SELECTOR = YES;
				GCC_WARN_UNINITIALIZED_AUTOS = YES_AGGRESSIVE;
				GCC_WARN_UNUSED_FUNCTION = YES;
				GCC_WARN_UNUSED_VARIABLE = YES;
				IPHONEOS_DEPLOYMENT_TARGET = 13.1;
				MTL_ENABLE_DEBUG_INFO = INCLUDE_SOURCE;
				MTL_FAST_MATH = YES;
				ONLY_ACTIVE_ARCH = YES;
				SDKROOT = iphoneos;
				SWIFT_ACTIVE_COMPILATION_CONDITIONS = DEBUG;
				SWIFT_OPTIMIZATION_LEVEL = "-Onone";
				SWIFT_VERSION = 5.0;
			};
			name = Debug;
		};
		F1418E96236B18270054D0C2 /* Release */ = {
			isa = XCBuildConfiguration;
			buildSettings = {
				ALWAYS_SEARCH_USER_PATHS = NO;
				CLANG_ANALYZER_NONNULL = YES;
				CLANG_ANALYZER_NUMBER_OBJECT_CONVERSION = YES_AGGRESSIVE;
				CLANG_CXX_LANGUAGE_STANDARD = "gnu++14";
				CLANG_CXX_LIBRARY = "libc++";
				CLANG_ENABLE_MODULES = YES;
				CLANG_ENABLE_OBJC_ARC = YES;
				CLANG_ENABLE_OBJC_WEAK = YES;
				CLANG_WARN_BLOCK_CAPTURE_AUTORELEASING = YES;
				CLANG_WARN_BOOL_CONVERSION = YES;
				CLANG_WARN_COMMA = YES;
				CLANG_WARN_CONSTANT_CONVERSION = YES;
				CLANG_WARN_DEPRECATED_OBJC_IMPLEMENTATIONS = YES;
				CLANG_WARN_DIRECT_OBJC_ISA_USAGE = YES_ERROR;
				CLANG_WARN_DOCUMENTATION_COMMENTS = YES;
				CLANG_WARN_EMPTY_BODY = YES;
				CLANG_WARN_ENUM_CONVERSION = YES;
				CLANG_WARN_INFINITE_RECURSION = YES;
				CLANG_WARN_INT_CONVERSION = YES;
				CLANG_WARN_NON_LITERAL_NULL_CONVERSION = YES;
				CLANG_WARN_OBJC_IMPLICIT_RETAIN_SELF = YES;
				CLANG_WARN_OBJC_LITERAL_CONVERSION = YES;
				CLANG_WARN_OBJC_ROOT_CLASS = YES_ERROR;
				CLANG_WARN_RANGE_LOOP_ANALYSIS = YES;
				CLANG_WARN_STRICT_PROTOTYPES = YES;
				CLANG_WARN_SUSPICIOUS_MOVE = YES;
				CLANG_WARN_UNGUARDED_AVAILABILITY = YES_AGGRESSIVE;
				CLANG_WARN_UNREACHABLE_CODE = YES;
				CLANG_WARN__DUPLICATE_METHOD_MATCH = YES;
				COPY_PHASE_STRIP = NO;
				DEBUG_INFORMATION_FORMAT = "dwarf-with-dsym";
				ENABLE_NS_ASSERTIONS = NO;
				ENABLE_STRICT_OBJC_MSGSEND = YES;
				GCC_C_LANGUAGE_STANDARD = gnu11;
				GCC_NO_COMMON_BLOCKS = YES;
				GCC_WARN_64_TO_32_BIT_CONVERSION = YES;
				GCC_WARN_ABOUT_RETURN_TYPE = YES_ERROR;
				GCC_WARN_UNDECLARED_SELECTOR = YES;
				GCC_WARN_UNINITIALIZED_AUTOS = YES_AGGRESSIVE;
				GCC_WARN_UNUSED_FUNCTION = YES;
				GCC_WARN_UNUSED_VARIABLE = YES;
				IPHONEOS_DEPLOYMENT_TARGET = 13.1;
				MTL_ENABLE_DEBUG_INFO = NO;
				MTL_FAST_MATH = YES;
				SDKROOT = iphoneos;
				SWIFT_COMPILATION_MODE = wholemodule;
				SWIFT_OPTIMIZATION_LEVEL = "-O";
				SWIFT_VERSION = 5.0;
				VALIDATE_PRODUCT = YES;
			};
			name = Release;
		};
		F1418E98236B18270054D0C2 /* Debug */ = {
			isa = XCBuildConfiguration;
			baseConfigurationReference = 278839D108EB47F9F709029A /* Pods-Share It Fast.debug.xcconfig */;
			buildSettings = {
				ASSETCATALOG_COMPILER_APPICON_NAME = AppIcon;
				CODE_SIGN_STYLE = Automatic;
				INFOPLIST_FILE = "Share It Fast/Info.plist";
				LD_RUNPATH_SEARCH_PATHS = (
					"$(inherited)",
					"@executable_path/Frameworks",
				);
				PRODUCT_BUNDLE_IDENTIFIER = "nook.Share-It-Fast";
				PRODUCT_NAME = "$(TARGET_NAME)";
				SWIFT_VERSION = 5.0;
				TARGETED_DEVICE_FAMILY = "1,2";
			};
			name = Debug;
		};
		F1418E99236B18270054D0C2 /* Release */ = {
			isa = XCBuildConfiguration;
			baseConfigurationReference = 122B1DF86F6E0FFC7B20E334 /* Pods-Share It Fast.release.xcconfig */;
			buildSettings = {
				ASSETCATALOG_COMPILER_APPICON_NAME = AppIcon;
				CODE_SIGN_STYLE = Automatic;
				INFOPLIST_FILE = "Share It Fast/Info.plist";
				LD_RUNPATH_SEARCH_PATHS = (
					"$(inherited)",
					"@executable_path/Frameworks",
				);
				PRODUCT_BUNDLE_IDENTIFIER = "nook.Share-It-Fast";
				PRODUCT_NAME = "$(TARGET_NAME)";
				SWIFT_VERSION = 5.0;
				TARGETED_DEVICE_FAMILY = "1,2";
			};
			name = Release;
		};
		F1418E9B236B18270054D0C2 /* Debug */ = {
			isa = XCBuildConfiguration;
			baseConfigurationReference = 2E1EE0FCC671047939890D83 /* Pods-Share It FastTests.debug.xcconfig */;
			buildSettings = {
				ALWAYS_EMBED_SWIFT_STANDARD_LIBRARIES = YES;
				BUNDLE_LOADER = "$(TEST_HOST)";
				CODE_SIGN_STYLE = Automatic;
				INFOPLIST_FILE = "Share It FastTests/Info.plist";
				IPHONEOS_DEPLOYMENT_TARGET = 13.1;
				LD_RUNPATH_SEARCH_PATHS = (
					"$(inherited)",
					"@executable_path/Frameworks",
					"@loader_path/Frameworks",
				);
				PRODUCT_BUNDLE_IDENTIFIER = "nook.Share-It-FastTests";
				PRODUCT_NAME = "$(TARGET_NAME)";
				SWIFT_VERSION = 5.0;
				TARGETED_DEVICE_FAMILY = "1,2";
				TEST_HOST = "$(BUILT_PRODUCTS_DIR)/Share It Fast.app/Share It Fast";
			};
			name = Debug;
		};
		F1418E9C236B18270054D0C2 /* Release */ = {
			isa = XCBuildConfiguration;
			baseConfigurationReference = 4F4491E7ABF445CC340B1F9C /* Pods-Share It FastTests.release.xcconfig */;
			buildSettings = {
				ALWAYS_EMBED_SWIFT_STANDARD_LIBRARIES = YES;
				BUNDLE_LOADER = "$(TEST_HOST)";
				CODE_SIGN_STYLE = Automatic;
				INFOPLIST_FILE = "Share It FastTests/Info.plist";
				IPHONEOS_DEPLOYMENT_TARGET = 13.1;
				LD_RUNPATH_SEARCH_PATHS = (
					"$(inherited)",
					"@executable_path/Frameworks",
					"@loader_path/Frameworks",
				);
				PRODUCT_BUNDLE_IDENTIFIER = "nook.Share-It-FastTests";
				PRODUCT_NAME = "$(TARGET_NAME)";
				SWIFT_VERSION = 5.0;
				TARGETED_DEVICE_FAMILY = "1,2";
				TEST_HOST = "$(BUILT_PRODUCTS_DIR)/Share It Fast.app/Share It Fast";
			};
			name = Release;
		};
		F1418E9E236B18270054D0C2 /* Debug */ = {
			isa = XCBuildConfiguration;
			baseConfigurationReference = DE9B0F77BDC564E89BBF167E /* Pods-Share It Fast-Share It FastUITests.debug.xcconfig */;
			buildSettings = {
				ALWAYS_EMBED_SWIFT_STANDARD_LIBRARIES = YES;
				CODE_SIGN_STYLE = Automatic;
				INFOPLIST_FILE = "Share It FastUITests/Info.plist";
				LD_RUNPATH_SEARCH_PATHS = (
					"$(inherited)",
					"@executable_path/Frameworks",
					"@loader_path/Frameworks",
				);
				PRODUCT_BUNDLE_IDENTIFIER = "nook.Share-It-FastUITests";
				PRODUCT_NAME = "$(TARGET_NAME)";
				SWIFT_VERSION = 5.0;
				TARGETED_DEVICE_FAMILY = "1,2";
				TEST_TARGET_NAME = "Share It Fast";
			};
			name = Debug;
		};
		F1418E9F236B18270054D0C2 /* Release */ = {
			isa = XCBuildConfiguration;
			baseConfigurationReference = E287E45DCC95F14F333CF33F /* Pods-Share It Fast-Share It FastUITests.release.xcconfig */;
			buildSettings = {
				ALWAYS_EMBED_SWIFT_STANDARD_LIBRARIES = YES;
				CODE_SIGN_STYLE = Automatic;
				INFOPLIST_FILE = "Share It FastUITests/Info.plist";
				LD_RUNPATH_SEARCH_PATHS = (
					"$(inherited)",
					"@executable_path/Frameworks",
					"@loader_path/Frameworks",
				);
				PRODUCT_BUNDLE_IDENTIFIER = "nook.Share-It-FastUITests";
				PRODUCT_NAME = "$(TARGET_NAME)";
				SWIFT_VERSION = 5.0;
				TARGETED_DEVICE_FAMILY = "1,2";
				TEST_TARGET_NAME = "Share It Fast";
			};
			name = Release;
		};
/* End XCBuildConfiguration section */

/* Begin XCConfigurationList section */
		F1418E68236B18250054D0C2 /* Build configuration list for PBXProject "Share It Fast" */ = {
			isa = XCConfigurationList;
			buildConfigurations = (
				F1418E95236B18270054D0C2 /* Debug */,
				F1418E96236B18270054D0C2 /* Release */,
			);
			defaultConfigurationIsVisible = 0;
			defaultConfigurationName = Release;
		};
		F1418E97236B18270054D0C2 /* Build configuration list for PBXNativeTarget "Share It Fast" */ = {
			isa = XCConfigurationList;
			buildConfigurations = (
				F1418E98236B18270054D0C2 /* Debug */,
				F1418E99236B18270054D0C2 /* Release */,
			);
			defaultConfigurationIsVisible = 0;
			defaultConfigurationName = Release;
		};
		F1418E9A236B18270054D0C2 /* Build configuration list for PBXNativeTarget "Share It FastTests" */ = {
			isa = XCConfigurationList;
			buildConfigurations = (
				F1418E9B236B18270054D0C2 /* Debug */,
				F1418E9C236B18270054D0C2 /* Release */,
			);
			defaultConfigurationIsVisible = 0;
			defaultConfigurationName = Release;
		};
		F1418E9D236B18270054D0C2 /* Build configuration list for PBXNativeTarget "Share It FastUITests" */ = {
			isa = XCConfigurationList;
			buildConfigurations = (
				F1418E9E236B18270054D0C2 /* Debug */,
				F1418E9F236B18270054D0C2 /* Release */,
			);
			defaultConfigurationIsVisible = 0;
			defaultConfigurationName = Release;
		};
/* End XCConfigurationList section */
	};
	rootObject = F1418E65236B18250054D0C2 /* Project object */;
}
